<?xml version="1.0" encoding="utf-8"?>
<Project ToolsVersion="4.0" xmlns="http://schemas.microsoft.com/developer/msbuild/2003">
  <ItemGroup>
    <Filter Include="Source Files">
      <UniqueIdentifier>{4FC737F1-C7A5-4376-A066-2A32D752A2FF}</UniqueIdentifier>
      <Extensions>cpp;c;cc;cxx;def;odl;idl;hpj;bat;asm;asmx</Extensions>
    </Filter>
    <Filter Include="Header Files">
      <UniqueIdentifier>{93995380-89BD-4b04-88EB-625FBE52EBFB}</UniqueIdentifier>
      <Extensions>h;hh;hpp;hxx;hm;inl;inc;xsd</Extensions>
    </Filter>
    <Filter Include="Resource Files">
      <UniqueIdentifier>{67DA6AB6-F800-4c08-8B7A-83BB121AAD01}</UniqueIdentifier>
      <Extensions>rc;ico;cur;bmp;dlg;rc2;rct;bin;rgs;gif;jpg;jpeg;jpe;resx;tiff;tif;png;wav;mfcribbon-ms</Extensions>
    </Filter>
    <Filter Include="Externals">
      <UniqueIdentifier>{cd35ff08-8255-48af-8230-f6055f03334f}</UniqueIdentifier>
    </Filter>
    <Filter Include="Resource Files\shaders">
      <UniqueIdentifier>{dffb9978-04d4-4599-bd2b-9935262313c0}</UniqueIdentifier>
    </Filter>
    <Filter Include="Resource Files\shaders\tutorial2">
      <UniqueIdentifier>{569a924e-3b3d-45ed-8d8c-214ee4e438ac}</UniqueIdentifier>
    </Filter>
    <Filter Include="Resource Files\shaders\tutorial3">
      <UniqueIdentifier>{4a57b453-3af6-44fb-bc2a-9abaf16382f9}</UniqueIdentifier>
    </Filter>
    <Filter Include="Resource Files\shaders\tutorial4">
      <UniqueIdentifier>{5988de82-f253-4a07-8f0a-7b6962878ffc}</UniqueIdentifier>
    </Filter>
    <Filter Include="Resource Files\shaders\tutorial5">
      <UniqueIdentifier>{ba7a280d-56fd-44a8-8bc0-f3653c73696c}</UniqueIdentifier>
    </Filter>
    <Filter Include="Resource Files\textures">
      <UniqueIdentifier>{998969b0-70ee-45e8-a786-6b9bfdbfa9e1}</UniqueIdentifier>
    </Filter>
  </ItemGroup>
  <ItemGroup>
    <ClCompile Include="..\external\common\shader.cpp">
      <Filter>Externals</Filter>
    </ClCompile>
    <ClCompile Include="..\src\tutorial_1.cpp">
      <Filter>Source Files</Filter>
    </ClCompile>
    <ClCompile Include="..\src\tutorial_2.cpp">
      <Filter>Source Files</Filter>
    </ClCompile>
    <ClCompile Include="..\src\tutorial_3.cpp">
      <Filter>Source Files</Filter>
    </ClCompile>
    <ClCompile Include="..\src\tutorial_4.cpp">
      <Filter>Source Files</Filter>
    </ClCompile>
    <ClCompile Include="..\src\tutorial_main.cpp">
      <Filter>Source Files</Filter>
    </ClCompile>
    <ClCompile Include="tutorial_5.cpp">
      <Filter>Source Files</Filter>
    </ClCompile>
    <ClCompile Include="..\external\common\texture.cpp">
      <Filter>Externals</Filter>
    </ClCompile>
  </ItemGroup>
  <ItemGroup>
    <None Include="..\external\shaders\tutorial2.frag">
      <Filter>Resource Files\shaders\tutorial2</Filter>
    </None>
    <None Include="..\external\shaders\tutorial2.vert">
      <Filter>Resource Files\shaders\tutorial2</Filter>
    </None>
    <None Include="..\external\shaders\tutorial3.frag">
      <Filter>Resource Files\shaders\tutorial3</Filter>
    </None>
    <None Include="..\external\shaders\tutorial3.vert">
      <Filter>Resource Files\shaders\tutorial3</Filter>
    </None>
    <None Include="..\external\shaders\tutorial4.frag">
      <Filter>Resource Files\shaders\tutorial4</Filter>
    </None>
    <None Include="..\external\shaders\tutorial4.vert">
      <Filter>Resource Files\shaders\tutorial4</Filter>
    </None>
    <None Include="..\external\shaders\tutorial5.frag">
      <Filter>Resource Files\shaders\tutorial5</Filter>
    </None>
    <None Include="..\external\shaders\tutorial5.vert">
      <Filter>Resource Files\shaders\tutorial5</Filter>
    </None>
  </ItemGroup>
  <ItemGroup>
    <ClInclude Include="..\external\common\shader.hpp">
      <Filter>Externals</Filter>
    </ClInclude>
    <ClInclude Include="..\include\tutorial.h">
      <Filter>Header Files</Filter>
    </ClInclude>
    <ClInclude Include="..\external\common\texture.hpp">
      <Filter>Externals</Filter>
    </ClInclude>
  </ItemGroup>
  <ItemGroup>
    <Image Include="..\external\textures\uvtemplate.bmp">
      <Filter>Resource Files\textures</Filter>
    </Image>
    <Image Include="..\external\textures\uvtemplate.DDS">
      <Filter>Resource Files\textures</Filter>
    </Image>
    <Image Include="..\external\textures\uvtemplate.tga">
      <Filter>Resource Files\textures</Filter>
    </Image>
  </ItemGroup>
</Project>